
Microsoft Visual Studio Solution File, Format Version 12.00
# Visual Studio 15
Project("{FAE04EC0-301F-11D3-BF4B-00C04F79EFBC}") = "Assembly-CSharp", "Assembly-CSharp.csproj", "{809E2A5E-CF6D-83C9-4DFB-7900CDEFFC91}"
EndProject
Project("{FAE04EC0-301F-11D3-BF4B-00C04F79EFBC}") = "LuminUnity", "LuminUnity.csproj", "{3BC17F6E-6FA0-666A-391E-4AA3F06F9B32}"
EndProject
Project("{FAE04EC0-301F-11D3-BF4B-00C04F79EFBC}") = "Assembly-CSharp-Editor", "Assembly-CSharp-Editor.csproj", "{C4C0C1B8-5D92-C041-86D6-6019A32D788D}"
EndProject
Global
	GlobalSection(SolutionConfigurationPlatforms) = preSolution
		Debug|Any CPU = Debug|Any CPU
		Release|Any CPU = Release|Any CPU
	EndGlobalSection
	GlobalSection(ProjectConfigurationPlatforms) = postSolution
		{809E2A5E-CF6D-83C9-4DFB-7900CDEFFC91}.Debug|Any CPU.ActiveCfg = Debug|Any CPU
		{809E2A5E-CF6D-83C9-4DFB-7900CDEFFC91}.Debug|Any CPU.Build.0 = Debug|Any CPU
		{809E2A5E-CF6D-83C9-4DFB-7900CDEFFC91}.Release|Any CPU.ActiveCfg = Release|Any CPU
		{809E2A5E-CF6D-83C9-4DFB-7900CDEFFC91}.Release|Any CPU.Build.0 = Release|Any CPU
		{3BC17F6E-6FA0-666A-391E-4AA3F06F9B32}.Debug|Any CPU.ActiveCfg = Debug|Any CPU
		{3BC17F6E-6FA0-666A-391E-4AA3F06F9B32}.Debug|Any CPU.Build.0 = Debug|Any CPU
		{3BC17F6E-6FA0-666A-391E-4AA3F06F9B32}.Release|Any CPU.ActiveCfg = Release|Any CPU
		{3BC17F6E-6FA0-666A-391E-4AA3F06F9B32}.Release|Any CPU.Build.0 = Release|Any CPU
		{C4C0C1B8-5D92-C041-86D6-6019A32D788D}.Debug|Any CPU.ActiveCfg = Debug|Any CPU
		{C4C0C1B8-5D92-C041-86D6-6019A32D788D}.Debug|Any CPU.Build.0 = Debug|Any CPU
		{C4C0C1B8-5D92-C041-86D6-6019A32D788D}.Release|Any CPU.ActiveCfg = Release|Any CPU
		{C4C0C1B8-5D92-C041-86D6-6019A32D788D}.Release|Any CPU.Build.0 = Release|Any CPU
	EndGlobalSection
	GlobalSection(SolutionProperties) = preSolution
		HideSolutionNode = FALSE
	EndGlobalSection
EndGlobal
